NeoBundleLock ag.vim c478f7973074f15bbf82c298a1678b4e23f1767a
NeoBundleLock emmet-vim 1c240c6d6d1fb2ed67b3f42146d498541bcf3bd1
NeoBundleLock jellybeans.vim f931895c20681684278aef2ffd810730b9c36ec3
NeoBundleLock neobundle.vim 849487832fb2f3f76d2031bb439148d4bb85595d
NeoBundleLock neocomplcache.vim 778181767467b8f8016828898779a646074d883a
NeoBundleLock neosnippet 7c07c4d8a2228c77ae4d519c936811db662ecd4a
NeoBundleLock neosnippet-snippets 7bc1674170670a4c43f7f4fc65e0e396759512ea
NeoBundleLock nerdtree bcf3de4fdffae45fc7c85b6b84a01b37177924aa
NeoBundleLock syntastic f88b5c74c9c8c67b1cdb287dc34b52539c7e4854
